// !$*UTF8*$!
{
	archiveVersion = 1;
	classes = {
	};
	objectVersion = 50;
	objects = {

/* Begin PBXBuildFile section */
		7E6E0D73579F9B4F6804D3BC /* Pods_Uber.framework in Frameworks */ = {isa = PBXBuildFile; fileRef = 23880CC19EED2BAE94B27F72 /* Pods_Uber.framework */; };
		E29EA32F20EBBB9E00ACFB77 /* AppDelegate.swift in Sources */ = {isa = PBXBuildFile; fileRef = E29EA32E20EBBB9E00ACFB77 /* AppDelegate.swift */; };
		E29EA33120EBBB9E00ACFB77 /* ViewController.swift in Sources */ = {isa = PBXBuildFile; fileRef = E29EA33020EBBB9E00ACFB77 /* ViewController.swift */; };
		E29EA33420EBBB9E00ACFB77 /* Main.storyboard in Resources */ = {isa = PBXBuildFile; fileRef = E29EA33220EBBB9E00ACFB77 /* Main.storyboard */; };
		E29EA33620EBBBA100ACFB77 /* Assets.xcassets in Resources */ = {isa = PBXBuildFile; fileRef = E29EA33520EBBBA100ACFB77 /* Assets.xcassets */; };
		E29EA33920EBBBA100ACFB77 /* LaunchScreen.storyboard in Resources */ = {isa = PBXBuildFile; fileRef = E29EA33720EBBBA100ACFB77 /* LaunchScreen.storyboard */; };
		E29EA34120EBBCDA00ACFB77 /* GoogleService-Info.plist in Resources */ = {isa = PBXBuildFile; fileRef = E29EA34020EBBCDA00ACFB77 /* GoogleService-Info.plist */; };
		E29EA34320ECDDC800ACFB77 /* RiderViewController.swift in Sources */ = {isa = PBXBuildFile; fileRef = E29EA34220ECDDC800ACFB77 /* RiderViewController.swift */; };
		E29EA34B20EF59F700ACFB77 /* DrvTableViewController.swift in Sources */ = {isa = PBXBuildFile; fileRef = E29EA34A20EF59F700ACFB77 /* DrvTableViewController.swift */; };
		E29EA34D20EF695400ACFB77 /* AcceptRequestViewController.swift in Sources */ = {isa = PBXBuildFile; fileRef = E29EA34C20EF695400ACFB77 /* AcceptRequestViewController.swift */; };
/* End PBXBuildFile section */

/* Begin PBXFileReference section */
		23880CC19EED2BAE94B27F72 /* Pods_Uber.framework */ = {isa = PBXFileReference; explicitFileType = wrapper.framework; includeInIndex = 0; path = Pods_Uber.framework; sourceTree = BUILT_PRODUCTS_DIR; };
		B1F3411BE3CB0198B569630A /* Pods-Uber.release.xcconfig */ = {isa = PBXFileReference; includeInIndex = 1; lastKnownFileType = text.xcconfig; name = "Pods-Uber.release.xcconfig"; path = "Pods/Target Support Files/Pods-Uber/Pods-Uber.release.xcconfig"; sourceTree = "<group>"; };
		CFD87A396FFE4DF7422E8BE2 /* Pods-Uber.debug.xcconfig */ = {isa = PBXFileReference; includeInIndex = 1; lastKnownFileType = text.xcconfig; name = "Pods-Uber.debug.xcconfig"; path = "Pods/Target Support Files/Pods-Uber/Pods-Uber.debug.xcconfig"; sourceTree = "<group>"; };
		E29EA32B20EBBB9E00ACFB77 /* Uber.app */ = {isa = PBXFileReference; explicitFileType = wrapper.application; includeInIndex = 0; path = Uber.app; sourceTree = BUILT_PRODUCTS_DIR; };
		E29EA32E20EBBB9E00ACFB77 /* AppDelegate.swift */ = {isa = PBXFileReference; lastKnownFileType = sourcecode.swift; path = AppDelegate.swift; sourceTree = "<group>"; };
		E29EA33020EBBB9E00ACFB77 /* ViewController.swift */ = {isa = PBXFileReference; lastKnownFileType = sourcecode.swift; path = ViewController.swift; sourceTree = "<group>"; };
		E29EA33320EBBB9E00ACFB77 /* Base */ = {isa = PBXFileReference; lastKnownFileType = file.storyboard; name = Base; path = Base.lproj/Main.storyboard; sourceTree = "<group>"; };
		E29EA33520EBBBA100ACFB77 /* Assets.xcassets */ = {isa = PBXFileReference; lastKnownFileType = folder.assetcatalog; path = Assets.xcassets; sourceTree = "<group>"; };
		E29EA33820EBBBA100ACFB77 /* Base */ = {isa = PBXFileReference; lastKnownFileType = file.storyboard; name = Base; path = Base.lproj/LaunchScreen.storyboard; sourceTree = "<group>"; };
		E29EA33A20EBBBA100ACFB77 /* Info.plist */ = {isa = PBXFileReference; lastKnownFileType = text.plist.xml; path = Info.plist; sourceTree = "<group>"; };
		E29EA34020EBBCDA00ACFB77 /* GoogleService-Info.plist */ = {isa = PBXFileReference; fileEncoding = 4; lastKnownFileType = text.plist.xml; path = "GoogleService-Info.plist"; sourceTree = "<group>"; };
		E29EA34220ECDDC800ACFB77 /* RiderViewController.swift */ = {isa = PBXFileReference; lastKnownFileType = sourcecode.swift; path = RiderViewController.swift; sourceTree = "<group>"; };
		E29EA34A20EF59F700ACFB77 /* DrvTableViewController.swift */ = {isa = PBXFileReference; lastKnownFileType = sourcecode.swift; path = DrvTableViewController.swift; sourceTree = "<group>"; };
		E29EA34C20EF695400ACFB77 /* AcceptRequestViewController.swift */ = {isa = PBXFileReference; lastKnownFileType = sourcecode.swift; path = AcceptRequestViewController.swift; sourceTree = "<group>"; };
/* End PBXFileReference section */

/* Begin PBXFrameworksBuildPhase section */
		E29EA32820EBBB9E00ACFB77 /* Frameworks */ = {
			isa = PBXFrameworksBuildPhase;
			buildActionMask = 2147483647;
			files = (
				7E6E0D73579F9B4F6804D3BC /* Pods_Uber.framework in Frameworks */,
			);
			runOnlyForDeploymentPostprocessing = 0;
		};
/* End PBXFrameworksBuildPhase section */

/* Begin PBXGroup section */
		078022D803BAA3BC2EF37196 /* Pods */ = {
			isa = PBXGroup;
			children = (
				CFD87A396FFE4DF7422E8BE2 /* Pods-Uber.debug.xcconfig */,
				B1F3411BE3CB0198B569630A /* Pods-Uber.release.xcconfig */,
			);
			name = Pods;
			sourceTree = "<group>";
		};
		E29EA32220EBBB9E00ACFB77 = {
			isa = PBXGroup;
			children = (
				E29EA32D20EBBB9E00ACFB77 /* Uber */,
				E29EA32C20EBBB9E00ACFB77 /* Products */,
				078022D803BAA3BC2EF37196 /* Pods */,
				F96A46D637AC781BF23CE303 /* Frameworks */,
			);
			sourceTree = "<group>";
		};
		E29EA32C20EBBB9E00ACFB77 /* Products */ = {
			isa = PBXGroup;
			children = (
				E29EA32B20EBBB9E00ACFB77 /* Uber.app */,
			);
			name = Products;
			sourceTree = "<group>";
		};
		E29EA32D20EBBB9E00ACFB77 /* Uber */ = {
			isa = PBXGroup;
			children = (
				E29EA32E20EBBB9E00ACFB77 /* AppDelegate.swift */,
				E29EA33020EBBB9E00ACFB77 /* ViewController.swift */,
				E29EA34220ECDDC800ACFB77 /* RiderViewController.swift */,
				E29EA34A20EF59F700ACFB77 /* DrvTableViewController.swift */,
				E29EA34C20EF695400ACFB77 /* AcceptRequestViewController.swift */,
				E29EA33220EBBB9E00ACFB77 /* Main.storyboard */,
				E29EA33520EBBBA100ACFB77 /* Assets.xcassets */,
				E29EA33720EBBBA100ACFB77 /* LaunchScreen.storyboard */,
				E29EA33A20EBBBA100ACFB77 /* Info.plist */,
				E29EA34020EBBCDA00ACFB77 /* GoogleService-Info.plist */,
			);
			path = Uber;
			sourceTree = "<group>";
		};
		F96A46D637AC781BF23CE303 /* Frameworks */ = {
			isa = PBXGroup;
			children = (
				23880CC19EED2BAE94B27F72 /* Pods_Uber.framework */,
			);
			name = Frameworks;
			sourceTree = "<group>";
		};
/* End PBXGroup section */

/* Begin PBXNativeTarget section */
		E29EA32A20EBBB9E00ACFB77 /* Uber */ = {
			isa = PBXNativeTarget;
			buildConfigurationList = E29EA33D20EBBBA100ACFB77 /* Build configuration list for PBXNativeTarget "Uber" */;
			buildPhases = (
				D24A01E70DC680B55FABC6A3 /* [CP] Check Pods Manifest.lock */,
				E29EA32720EBBB9E00ACFB77 /* Sources */,
				E29EA32820EBBB9E00ACFB77 /* Frameworks */,
				E29EA32920EBBB9E00ACFB77 /* Resources */,
				0AA6F8ED118F5451C2DE75F8 /* [CP] Embed Pods Frameworks */,
			);
			buildRules = (
			);
			dependencies = (
			);
			name = Uber;
			productName = Uber;
			productReference = E29EA32B20EBBB9E00ACFB77 /* Uber.app */;
			productType = "com.apple.product-type.application";
		};
/* End PBXNativeTarget section */

/* Begin PBXProject section */
		E29EA32320EBBB9E00ACFB77 /* Project object */ = {
			isa = PBXProject;
			attributes = {
				LastSwiftUpdateCheck = 0940;
				LastUpgradeCheck = 0940;
				ORGANIZATIONNAME = "Louis Duncan";
				TargetAttributes = {
					E29EA32A20EBBB9E00ACFB77 = {
						CreatedOnToolsVersion = 9.4.1;
					};
				};
			};
			buildConfigurationList = E29EA32620EBBB9E00ACFB77 /* Build configuration list for PBXProject "Uber" */;
			compatibilityVersion = "Xcode 9.3";
			developmentRegion = en;
			hasScannedForEncodings = 0;
			knownRegions = (
				en,
				Base,
			);
			mainGroup = E29EA32220EBBB9E00ACFB77;
			productRefGroup = E29EA32C20EBBB9E00ACFB77 /* Products */;
			projectDirPath = "";
			projectRoot = "";
			targets = (
				E29EA32A20EBBB9E00ACFB77 /* Uber */,
			);
		};
/* End PBXProject section */

/* Begin PBXResourcesBuildPhase section */
		E29EA32920EBBB9E00ACFB77 /* Resources */ = {
			isa = PBXResourcesBuildPhase;
			buildActionMask = 2147483647;
			files = (
				E29EA33920EBBBA100ACFB77 /* LaunchScreen.storyboard in Resources */,
				E29EA34120EBBCDA00ACFB77 /* GoogleService-Info.plist in Resources */,
				E29EA33620EBBBA100ACFB77 /* Assets.xcassets in Resources */,
				E29EA33420EBBB9E00ACFB77 /* Main.storyboard in Resources */,
			);
			runOnlyForDeploymentPostprocessing = 0;
		};
/* End PBXResourcesBuildPhase section */

/* Begin PBXShellScriptBuildPhase section */
		0AA6F8ED118F5451C2DE75F8 /* [CP] Embed Pods Frameworks */ = {
			isa = PBXShellScriptBuildPhase;
			buildActionMask = 2147483647;
			files = (
			);
			inputPaths = (
				"${SRCROOT}/Pods/Target Support Files/Pods-Uber/Pods-Uber-frameworks.sh",
				"${BUILT_PRODUCTS_DIR}/GTMSessionFetcher/GTMSessionFetcher.framework",
				"${BUILT_PRODUCTS_DIR}/GoogleToolboxForMac/GoogleToolboxForMac.framework",
				"${BUILT_PRODUCTS_DIR}/leveldb-library/leveldb.framework",
				"${BUILT_PRODUCTS_DIR}/nanopb/nanopb.framework",
			);
			name = "[CP] Embed Pods Frameworks";
			outputPaths = (
				"${TARGET_BUILD_DIR}/${FRAMEWORKS_FOLDER_PATH}/GTMSessionFetcher.framework",
				"${TARGET_BUILD_DIR}/${FRAMEWORKS_FOLDER_PATH}/GoogleToolboxForMac.framework",
				"${TARGET_BUILD_DIR}/${FRAMEWORKS_FOLDER_PATH}/leveldb.framework",
				"${TARGET_BUILD_DIR}/${FRAMEWORKS_FOLDER_PATH}/nanopb.framework",
			);
			runOnlyForDeploymentPostprocessing = 0;
			shellPath = /bin/sh;
			shellScript = "\"${SRCROOT}/Pods/Target Support Files/Pods-Uber/Pods-Uber-frameworks.sh\"\n";
			showEnvVarsInLog = 0;
		};
		D24A01E70DC680B55FABC6A3 /* [CP] Check Pods Manifest.lock */ = {
			isa = PBXShellScriptBuildPhase;
			buildActionMask = 2147483647;
			files = (
			);
			inputPaths = (
				"${PODS_PODFILE_DIR_PATH}/Podfile.lock",
				"${PODS_ROOT}/Manifest.lock",
			);
			name = "[CP] Check Pods Manifest.lock";
			outputPaths = (
				"$(DERIVED_FILE_DIR)/Pods-Uber-checkManifestLockResult.txt",
			);
			runOnlyForDeploymentPostprocessing = 0;
			shellPath = /bin/sh;
			shellScript = "diff \"${PODS_PODFILE_DIR_PATH}/Podfile.lock\" \"${PODS_ROOT}/Manifest.lock\" > /dev/null\nif [ $? != 0 ] ; then\n    # print error to STDERR\n    echo \"error: The sandbox is not in sync with the Podfile.lock. Run 'pod install' or update your CocoaPods installation.\" >&2\n    exit 1\nfi\n# This output is used by Xcode 'outputs' to avoid re-running this script phase.\necho \"SUCCESS\" > \"${SCRIPT_OUTPUT_FILE_0}\"\n";
			showEnvVarsInLog = 0;
		};
/* End PBXShellScriptBuildPhase section */

/* Begin PBXSourcesBuildPhase section */
		E29EA32720EBBB9E00ACFB77 /* Sources */ = {
			isa = PBXSourcesBuildPhase;
			buildActionMask = 2147483647;
			files = (
				E29EA33120EBBB9E00ACFB77 /* ViewController.swift in Sources */,
				E29EA34320ECDDC800ACFB77 /* RiderViewController.swift in Sources */,
				E29EA34B20EF59F700ACFB77 /* DrvTableViewController.swift in Sources */,
				E29EA32F20EBBB9E00ACFB77 /* AppDelegate.swift in Sources */,
				E29EA34D20EF695400ACFB77 /* AcceptRequestViewController.swift in Sources */,
			);
			runOnlyForDeploymentPostprocessing = 0;
		};
/* End PBXSourcesBuildPhase section */

/* Begin PBXVariantGroup section */
		E29EA33220EBBB9E00ACFB77 /* Main.storyboard */ = {
			isa = PBXVariantGroup;
			children = (
				E29EA33320EBBB9E00ACFB77 /* Base */,
			);
			name = Main.storyboard;
			sourceTree = "<group>";
		};
		E29EA33720EBBBA100ACFB77 /* LaunchScreen.storyboard */ = {
			isa = PBXVariantGroup;
			children = (
				E29EA33820EBBBA100ACFB77 /* Base */,
			);
			name = LaunchScreen.storyboard;
			sourceTree = "<group>";
		};
/* End PBXVariantGroup section */

/* Begin XCBuildConfiguration section */
		E29EA33B20EBBBA100ACFB77 /* Debug */ = {
			isa = XCBuildConfiguration;
			buildSettings = {
				ALWAYS_SEARCH_USER_PATHS = NO;
				CLANG_ANALYZER_NONNULL = YES;
				CLANG_ANALYZER_NUMBER_OBJECT_CONVERSION = YES_AGGRESSIVE;
				CLANG_CXX_LANGUAGE_STANDARD = "gnu++14";
				CLANG_CXX_LIBRARY = "libc++";
				CLANG_ENABLE_MODULES = YES;
				CLANG_ENABLE_OBJC_ARC = YES;
				CLANG_ENABLE_OBJC_WEAK = YES;
				CLANG_WARN_BLOCK_CAPTURE_AUTORELEASING = YES;
				CLANG_WARN_BOOL_CONVERSION = YES;
				CLANG_WARN_COMMA = YES;
				CLANG_WARN_CONSTANT_CONVERSION = YES;
				CLANG_WARN_DEPRECATED_OBJC_IMPLEMENTATIONS = YES;
				CLANG_WARN_DIRECT_OBJC_ISA_USAGE = YES_ERROR;
				CLANG_WARN_DOCUMENTATION_COMMENTS = YES;
				CLANG_WARN_EMPTY_BODY = YES;
				CLANG_WARN_ENUM_CONVERSION = YES;
				CLANG_WARN_INFINITE_RECURSION = YES;
				CLANG_WARN_INT_CONVERSION = YES;
				CLANG_WARN_NON_LITERAL_NULL_CONVERSION = YES;
				CLANG_WARN_OBJC_IMPLICIT_RETAIN_SELF = YES;
				CLANG_WARN_OBJC_LITERAL_CONVERSION = YES;
				CLANG_WARN_OBJC_ROOT_CLASS = YES_ERROR;
				CLANG_WARN_RANGE_LOOP_ANALYSIS = YES;
				CLANG_WARN_STRICT_PROTOTYPES = YES;
				CLANG_WARN_SUSPICIOUS_MOVE = YES;
				CLANG_WARN_UNGUARDED_AVAILABILITY = YES_AGGRESSIVE;
				CLANG_WARN_UNREACHABLE_CODE = YES;
				CLANG_WARN__DUPLICATE_METHOD_MATCH = YES;
				CODE_SIGN_IDENTITY = "iPhone Developer";
				COPY_PHASE_STRIP = NO;
				DEBUG_INFORMATION_FORMAT = dwarf;
				ENABLE_STRICT_OBJC_MSGSEND = YES;
				ENABLE_TESTABILITY = YES;
				GCC_C_LANGUAGE_STANDARD = gnu11;
				GCC_DYNAMIC_NO_PIC = NO;
				GCC_NO_COMMON_BLOCKS = YES;
				GCC_OPTIMIZATION_LEVEL = 0;
				GCC_PREPROCESSOR_DEFINITIONS = (
					"DEBUG=1",
					"$(inherited)",
				);
				GCC_WARN_64_TO_32_BIT_CONVERSION = YES;
				GCC_WARN_ABOUT_RETURN_TYPE = YES_ERROR;
				GCC_WARN_UNDECLARED_SELECTOR = YES;
				GCC_WARN_UNINITIALIZED_AUTOS = YES_AGGRESSIVE;
				GCC_WARN_UNUSED_FUNCTION = YES;
				GCC_WARN_UNUSED_VARIABLE = YES;
				IPHONEOS_DEPLOYMENT_TARGET = 11.4;
				MTL_ENABLE_DEBUG_INFO = YES;
				ONLY_ACTIVE_ARCH = YES;
				SDKROOT = iphoneos;
				SWIFT_ACTIVE_COMPILATION_CONDITIONS = DEBUG;
				SWIFT_OPTIMIZATION_LEVEL = "-Onone";
			};
			name = Debug;
		};
		E29EA33C20EBBBA100ACFB77 /* Release */ = {
			isa = XCBuildConfiguration;
			buildSettings = {
				ALWAYS_SEARCH_USER_PATHS = NO;
				CLANG_ANALYZER_NONNULL = YES;
				CLANG_ANALYZER_NUMBER_OBJECT_CONVERSION = YES_AGGRESSIVE;
				CLANG_CXX_LANGUAGE_STANDARD = "gnu++14";
				CLANG_CXX_LIBRARY = "libc++";
				CLANG_ENABLE_MODULES = YES;
				CLANG_ENABLE_OBJC_ARC = YES;
				CLANG_ENABLE_OBJC_WEAK = YES;
				CLANG_WARN_BLOCK_CAPTURE_AUTORELEASING = YES;
				CLANG_WARN_BOOL_CONVERSION = YES;
				CLANG_WARN_COMMA = YES;
				CLANG_WARN_CONSTANT_CONVERSION = YES;
				CLANG_WARN_DEPRECATED_OBJC_IMPLEMENTATIONS = YES;
				CLANG_WARN_DIRECT_OBJC_ISA_USAGE = YES_ERROR;
				CLANG_WARN_DOCUMENTATION_COMMENTS = YES;
				CLANG_WARN_EMPTY_BODY = YES;
				CLANG_WARN_ENUM_CONVERSION = YES;
				CLANG_WARN_INFINITE_RECURSION = YES;
				CLANG_WARN_INT_CONVERSION = YES;
				CLANG_WARN_NON_LITERAL_NULL_CONVERSION = YES;
				CLANG_WARN_OBJC_IMPLICIT_RETAIN_SELF = YES;
				CLANG_WARN_OBJC_LITERAL_CONVERSION = YES;
				CLANG_WARN_OBJC_ROOT_CLASS = YES_ERROR;
				CLANG_WARN_RANGE_LOOP_ANALYSIS = YES;
				CLANG_WARN_STRICT_PROTOTYPES = YES;
				CLANG_WARN_SUSPICIOUS_MOVE = YES;
				CLANG_WARN_UNGUARDED_AVAILABILITY = YES_AGGRESSIVE;
				CLANG_WARN_UNREACHABLE_CODE = YES;
				CLANG_WARN__DUPLICATE_METHOD_MATCH = YES;
				CODE_SIGN_IDENTITY = "iPhone Developer";
				COPY_PHASE_STRIP = NO;
				DEBUG_INFORMATION_FORMAT = "dwarf-with-dsym";
				ENABLE_NS_ASSERTIONS = NO;
				ENABLE_STRICT_OBJC_MSGSEND = YES;
				GCC_C_LANGUAGE_STANDARD = gnu11;
				GCC_NO_COMMON_BLOCKS = YES;
				GCC_WARN_64_TO_32_BIT_CONVERSION = YES;
				GCC_WARN_ABOUT_RETURN_TYPE = YES_ERROR;
				GCC_WARN_UNDECLARED_SELECTOR = YES;
				GCC_WARN_UNINITIALIZED_AUTOS = YES_AGGRESSIVE;
				GCC_WARN_UNUSED_FUNCTION = YES;
				GCC_WARN_UNUSED_VARIABLE = YES;
				IPHONEOS_DEPLOYMENT_TARGET = 11.4;
				MTL_ENABLE_DEBUG_INFO = NO;
				SDKROOT = iphoneos;
				SWIFT_COMPILATION_MODE = wholemodule;
				SWIFT_OPTIMIZATION_LEVEL = "-O";
				VALIDATE_PRODUCT = YES;
			};
			name = Release;
		};
		E29EA33E20EBBBA100ACFB77 /* Debug */ = {
			isa = XCBuildConfiguration;
			baseConfigurationReference = CFD87A396FFE4DF7422E8BE2 /* Pods-Uber.debug.xcconfig */;
			buildSettings = {
				ASSETCATALOG_COMPILER_APPICON_NAME = AppIcon;
				CODE_SIGN_STYLE = Automatic;
				INFOPLIST_FILE = Uber/Info.plist;
				LD_RUNPATH_SEARCH_PATHS = (
					"$(inherited)",
					"@executable_path/Frameworks",
				);
				PRODUCT_BUNDLE_IDENTIFIER = uk.apps.louis.duncan.Uber;
				PRODUCT_NAME = "$(TARGET_NAME)";
				SWIFT_VERSION = 4.0;
				TARGETED_DEVICE_FAMILY = "1,2";
			};
			name = Debug;
		};
		E29EA33F20EBBBA100ACFB77 /* Release */ = {
			isa = XCBuildConfiguration;
			baseConfigurationReference = B1F3411BE3CB0198B569630A /* Pods-Uber.release.xcconfig */;
			buildSettings = {
				ASSETCATALOG_COMPILER_APPICON_NAME = AppIcon;
				CODE_SIGN_STYLE = Automatic;
				INFOPLIST_FILE = Uber/Info.plist;
				LD_RUNPATH_SEARCH_PATHS = (
					"$(inherited)",
					"@executable_path/Frameworks",
				);
				PRODUCT_BUNDLE_IDENTIFIER = uk.apps.louis.duncan.Uber;
				PRODUCT_NAME = "$(TARGET_NAME)";
				SWIFT_VERSION = 4.0;
				TARGETED_DEVICE_FAMILY = "1,2";
			};
			name = Release;
		};
/* End XCBuildConfiguration section */

/* Begin XCConfigurationList section */
		E29EA32620EBBB9E00ACFB77 /* Build configuration list for PBXProject "Uber" */ = {
			isa = XCConfigurationList;
			buildConfigurations = (
				E29EA33B20EBBBA100ACFB77 /* Debug */,
				E29EA33C20EBBBA100ACFB77 /* Release */,
			);
			defaultConfigurationIsVisible = 0;
			defaultConfigurationName = Release;
		};
		E29EA33D20EBBBA100ACFB77 /* Build configuration list for PBXNativeTarget "Uber" */ = {
			isa = XCConfigurationList;
			buildConfigurations = (
				E29EA33E20EBBBA100ACFB77 /* Debug */,
				E29EA33F20EBBBA100ACFB77 /* Release */,
			);
			defaultConfigurationIsVisible = 0;
			defaultConfigurationName = Release;
		};
/* End XCConfigurationList section */
	};
	rootObject = E29EA32320EBBB9E00ACFB77 /* Project object */;
}
